
Microsoft Visual Studio Solution File, Format Version 12.00
# Visual Studio Version 17
VisualStudioVersion = 17.7.34031.279
MinimumVisualStudioVersion = 10.0.40219.1
Project("{FAE04EC0-301F-11D3-BF4B-00C04F79EFBC}") = "beadando_1", "beadando_1\beadando_1.csproj", "{278C9A8A-16A6-41D1-AF2F-DE4505F11883}"
EndProject
Global
	GlobalSection(SolutionConfigurationPlatforms) = preSolution
		Debug|Any CPU = Debug|Any CPU
		Release|Any CPU = Release|Any CPU
	EndGlobalSection
	GlobalSection(ProjectConfigurationPlatforms) = postSolution
		{278C9A8A-16A6-41D1-AF2F-DE4505F11883}.Debug|Any CPU.ActiveCfg = Debug|Any CPU
		{278C9A8A-16A6-41D1-AF2F-DE4505F11883}.Debug|Any CPU.Build.0 = Debug|Any CPU
		{278C9A8A-16A6-41D1-AF2F-DE4505F11883}.Release|Any CPU.ActiveCfg = Release|Any CPU
		{278C9A8A-16A6-41D1-AF2F-DE4505F11883}.Release|Any CPU.Build.0 = Release|Any CPU
	EndGlobalSection
	GlobalSection(SolutionProperties) = preSolution
		HideSolutionNode = FALSE
	EndGlobalSection
	GlobalSection(ExtensibilityGlobals) = postSolution
		SolutionGuid = {287A3518-0150-43F3-A9A8-D15E306A4524}
	EndGlobalSection
EndGlobal
