
Microsoft Visual Studio Solution File, Format Version 12.00
# Visual Studio Version 17
VisualStudioVersion = 17.7.34031.279
MinimumVisualStudioVersion = 10.0.40219.1
Project("{FAE04EC0-301F-11D3-BF4B-00C04F79EFBC}") = "1024", "1024.csproj", "{F9C719B2-81EE-4B3E-8227-C84C65519673}"
EndProject
Global
	GlobalSection(SolutionConfigurationPlatforms) = preSolution
		Debug|Any CPU = Debug|Any CPU
		Release|Any CPU = Release|Any CPU
	EndGlobalSection
	GlobalSection(ProjectConfigurationPlatforms) = postSolution
		{F9C719B2-81EE-4B3E-8227-C84C65519673}.Debug|Any CPU.ActiveCfg = Debug|Any CPU
		{F9C719B2-81EE-4B3E-8227-C84C65519673}.Debug|Any CPU.Build.0 = Debug|Any CPU
		{F9C719B2-81EE-4B3E-8227-C84C65519673}.Release|Any CPU.ActiveCfg = Release|Any CPU
		{F9C719B2-81EE-4B3E-8227-C84C65519673}.Release|Any CPU.Build.0 = Release|Any CPU
	EndGlobalSection
	GlobalSection(SolutionProperties) = preSolution
		HideSolutionNode = FALSE
	EndGlobalSection
	GlobalSection(ExtensibilityGlobals) = postSolution
		SolutionGuid = {F80F86C6-E216-4B05-9AEA-9FD0930D4147}
	EndGlobalSection
EndGlobal
